
Microsoft Visual Studio Solution File, Format Version 12.00
# Visual Studio 15
VisualStudioVersion = 15.0.27130.2027
MinimumVisualStudioVersion = 10.0.40219.1
Project("{FAE04EC0-301F-11D3-BF4B-00C04F79EFBC}") = "CommonTasksDLL", "CommonTasksDLL\CommonTasksDLL.csproj", "{3E4C29A8-4083-4706-849E-E9845F8FDA79}"
EndProject
Project("{FAE04EC0-301F-11D3-BF4B-00C04F79EFBC}") = "TestingDLL", "TestingDLL\TestingDLL.csproj", "{89C4C6CC-04BE-45FE-A349-1B88EBD07730}"
	ProjectSection(ProjectDependencies) = postProject
		{3E4C29A8-4083-4706-849E-E9845F8FDA79} = {3E4C29A8-4083-4706-849E-E9845F8FDA79}
	EndProjectSection
EndProject
Global
	GlobalSection(SolutionConfigurationPlatforms) = preSolution
		Debug|Any CPU = Debug|Any CPU
		Release|Any CPU = Release|Any CPU
	EndGlobalSection
	GlobalSection(ProjectConfigurationPlatforms) = postSolution
		{3E4C29A8-4083-4706-849E-E9845F8FDA79}.Debug|Any CPU.ActiveCfg = Debug|Any CPU
		{3E4C29A8-4083-4706-849E-E9845F8FDA79}.Debug|Any CPU.Build.0 = Debug|Any CPU
		{3E4C29A8-4083-4706-849E-E9845F8FDA79}.Release|Any CPU.ActiveCfg = Release|Any CPU
		{3E4C29A8-4083-4706-849E-E9845F8FDA79}.Release|Any CPU.Build.0 = Release|Any CPU
		{89C4C6CC-04BE-45FE-A349-1B88EBD07730}.Debug|Any CPU.ActiveCfg = Debug|Any CPU
		{89C4C6CC-04BE-45FE-A349-1B88EBD07730}.Debug|Any CPU.Build.0 = Debug|Any CPU
		{89C4C6CC-04BE-45FE-A349-1B88EBD07730}.Release|Any CPU.ActiveCfg = Release|Any CPU
		{89C4C6CC-04BE-45FE-A349-1B88EBD07730}.Release|Any CPU.Build.0 = Release|Any CPU
	EndGlobalSection
	GlobalSection(SolutionProperties) = preSolution
		HideSolutionNode = FALSE
	EndGlobalSection
	GlobalSection(ExtensibilityGlobals) = postSolution
		SolutionGuid = {05B9D6D2-E52C-4542-B03F-070A92A5B6BD}
	EndGlobalSection
EndGlobal
